{
  "nodes": {
    "nixpkgs": {
      "locked": {
        "lastModified": 1754725699,
        "narHash": "sha256-iAcj9T/Y+3DBy2J0N+yF9XQQQ8IEb5swLFzs23CdP88=",
        "owner": "NixOS",
        "repo": "nixpkgs",
        "rev": "85dbfc7aaf52ecb755f87e577ddbe6dbbdbc1054",
        "type": "github"
      },
      "original": {
        "owner": "NixOS",
        "ref": "nixos-unstable",
        "repo": "nixpkgs",
        "type": "github"
      }
    },
    "nixpkgs_2": {
      "locked": {
        "lastModified": 1754498491,
        "narHash": "sha256-erbiH2agUTD0Z30xcVSFcDHzkRvkRXOQ3lb887bcVrs=",
        "owner": "NixOS",
        "repo": "nixpkgs",
        "rev": "c2ae88e026f9525daf89587f3cbee584b92b6134",
        "type": "github"
      },
      "original": {
        "owner": "NixOS",
        "ref": "nixos-unstable",
        "repo": "nixpkgs",
        "type": "github"
      }
    },
    "odinPatch": {
      "flake": false,
      "locked": {
        "narHash": "sha256-4uL+BRPEBY7g8HfN8yuHMhvJoZe+oDxgYSvz3BGzujc=",
        "type": "file",
        "url": "https://github.com/NixOS/nixpkgs/pull/431916.patch"
      },
      "original": {
        "type": "file",
        "url": "https://github.com/NixOS/nixpkgs/pull/431916.patch"
      }
    },
    "root": {
      "inputs": {
        "nixpkgs": "nixpkgs",
        "odinPatch": "odinPatch",
        "sdl_shadercross": "sdl_shadercross",
        "slangPatch": "slangPatch"
      }
    },
    "sdl_shadercross": {
      "inputs": {
        "nixpkgs": "nixpkgs_2"
      },
      "locked": {
        "lastModified": 1754658930,
        "narHash": "sha256-RpIrvz8EKWRjsXr2kkrFVYXbYja+D4Jt31nc6sBHCRo=",
        "owner": "KamWithK",
        "repo": "sdl_shadercross_flake",
        "rev": "4711cedb3d151789ab5765e3092e5c24d85e621e",
        "type": "github"
      },
      "original": {
        "owner": "KamWithK",
        "repo": "sdl_shadercross_flake",
        "type": "github"
      }
    },
    "slangPatch": {
      "flake": false,
      "locked": {
        "narHash": "sha256-P9uMoLEZ5NuVzY2S24mE9WFujY565F/1nQ3yLeJg1h8=",
        "type": "file",
        "url": "https://github.com/NixOS/nixpkgs/pull/427622.patch"
      },
      "original": {
        "type": "file",
        "url": "https://github.com/NixOS/nixpkgs/pull/427622.patch"
      }
    }
  },
  "root": "root",
  "version": 7
}
